
Microsoft Visual Studio Solution File, Format Version 12.00
# Visual Studio 14
VisualStudioVersion = 14.0.25420.1
MinimumVisualStudioVersion = 10.0.40219.1
Project("{8BC9CEB8-8B4A-11D0-8D11-00A0C91BC942}") = "qkeyfile", "qkeyfile.vcxproj", "{FE9967D3-3174-3203-91C7-3665FA777960}"
EndProject
Global
	GlobalSection(SolutionConfigurationPlatforms) = preSolution
		Debug|x86 = Debug|x86
		Release|x86 = Release|x86
	EndGlobalSection
	GlobalSection(ProjectConfigurationPlatforms) = postSolution
		{FE9967D3-3174-3203-91C7-3665FA777960}.Debug|x86.ActiveCfg = Debug|Win32
		{FE9967D3-3174-3203-91C7-3665FA777960}.Debug|x86.Build.0 = Debug|Win32
		{FE9967D3-3174-3203-91C7-3665FA777960}.Release|x86.ActiveCfg = Release|Win32
		{FE9967D3-3174-3203-91C7-3665FA777960}.Release|x86.Build.0 = Release|Win32
	EndGlobalSection
	GlobalSection(SolutionProperties) = preSolution
		HideSolutionNode = FALSE
	EndGlobalSection
EndGlobal
